
Microsoft Visual Studio Solution File, Format Version 12.00
# Visual Studio Version 17
VisualStudioVersion = 17.0.31903.59
MinimumVisualStudioVersion = 10.0.40219.1
Project("{2150E333-8FDC-42A3-9474-1A3956D46DE8}") = "src", "src", "{827E0CD3-B72D-47B6-A68D-7590B98EB39B}"
EndProject
Project("{FAE04EC0-301F-11D3-BF4B-00C04F79EFBC}") = "FlowForge.Abstractions", "src\FlowForge.Abstractions\FlowForge.Abstractions.csproj", "{1A185A58-7C88-4825-A461-B16A1194B98B}"
EndProject
Project("{FAE04EC0-301F-11D3-BF4B-00C04F79EFBC}") = "FlowForge.Core", "src\FlowForge.Core\FlowForge.Core.csproj", "{9CADAF2C-A35E-473A-9C25-98F155F0C5D5}"
EndProject
Project("{FAE04EC0-301F-11D3-BF4B-00C04F79EFBC}") = "FlowForge.Scheduler", "src\FlowForge.Scheduler\FlowForge.Scheduler.csproj", "{B8BADB6D-6EF1-409F-8D09-FD0278077462}"
EndProject
Project("{FAE04EC0-301F-11D3-BF4B-00C04F79EFBC}") = "FlowForge.Sample", "src\FlowForge.Sample\FlowForge.Sample.csproj", "{2AA61BEF-EF27-47AA-A874-9E8A6424AC09}"
EndProject
Project("{FAE04EC0-301F-11D3-BF4B-00C04F79EFBC}") = "FlowForge.Api", "src\FlowForge.Api\FlowForge.Api.csproj", "{7541125F-0997-4873-A5C2-6F0247932C89}"
EndProject
Project("{2150E333-8FDC-42A3-9474-1A3956D46DE8}") = "tests", "tests", "{0AB3BF05-4346-4AA6-1389-037BE0695223}"
EndProject
Project("{FAE04EC0-301F-11D3-BF4B-00C04F79EFBC}") = "FlowForge.Tests", "tests\FlowForge.Tests\FlowForge.Tests.csproj", "{2257E5E5-5507-4775-91DA-05035A1366C2}"
EndProject
Global
	GlobalSection(SolutionConfigurationPlatforms) = preSolution
		Debug|Any CPU = Debug|Any CPU
		Debug|x64 = Debug|x64
		Debug|x86 = Debug|x86
		Release|Any CPU = Release|Any CPU
		Release|x64 = Release|x64
		Release|x86 = Release|x86
	EndGlobalSection
	GlobalSection(ProjectConfigurationPlatforms) = postSolution
		{1A185A58-7C88-4825-A461-B16A1194B98B}.Debug|Any CPU.ActiveCfg = Debug|Any CPU
		{1A185A58-7C88-4825-A461-B16A1194B98B}.Debug|Any CPU.Build.0 = Debug|Any CPU
		{1A185A58-7C88-4825-A461-B16A1194B98B}.Debug|x64.ActiveCfg = Debug|Any CPU
		{1A185A58-7C88-4825-A461-B16A1194B98B}.Debug|x64.Build.0 = Debug|Any CPU
		{1A185A58-7C88-4825-A461-B16A1194B98B}.Debug|x86.ActiveCfg = Debug|Any CPU
		{1A185A58-7C88-4825-A461-B16A1194B98B}.Debug|x86.Build.0 = Debug|Any CPU
		{1A185A58-7C88-4825-A461-B16A1194B98B}.Release|Any CPU.ActiveCfg = Release|Any CPU
		{1A185A58-7C88-4825-A461-B16A1194B98B}.Release|Any CPU.Build.0 = Release|Any CPU
		{1A185A58-7C88-4825-A461-B16A1194B98B}.Release|x64.ActiveCfg = Release|Any CPU
		{1A185A58-7C88-4825-A461-B16A1194B98B}.Release|x64.Build.0 = Release|Any CPU
		{1A185A58-7C88-4825-A461-B16A1194B98B}.Release|x86.ActiveCfg = Release|Any CPU
		{1A185A58-7C88-4825-A461-B16A1194B98B}.Release|x86.Build.0 = Release|Any CPU
		{9CADAF2C-A35E-473A-9C25-98F155F0C5D5}.Debug|Any CPU.ActiveCfg = Debug|Any CPU
		{9CADAF2C-A35E-473A-9C25-98F155F0C5D5}.Debug|Any CPU.Build.0 = Debug|Any CPU
		{9CADAF2C-A35E-473A-9C25-98F155F0C5D5}.Debug|x64.ActiveCfg = Debug|Any CPU
		{9CADAF2C-A35E-473A-9C25-98F155F0C5D5}.Debug|x64.Build.0 = Debug|Any CPU
		{9CADAF2C-A35E-473A-9C25-98F155F0C5D5}.Debug|x86.ActiveCfg = Debug|Any CPU
		{9CADAF2C-A35E-473A-9C25-98F155F0C5D5}.Debug|x86.Build.0 = Debug|Any CPU
		{9CADAF2C-A35E-473A-9C25-98F155F0C5D5}.Release|Any CPU.ActiveCfg = Release|Any CPU
		{9CADAF2C-A35E-473A-9C25-98F155F0C5D5}.Release|Any CPU.Build.0 = Release|Any CPU
		{9CADAF2C-A35E-473A-9C25-98F155F0C5D5}.Release|x64.ActiveCfg = Release|Any CPU
		{9CADAF2C-A35E-473A-9C25-98F155F0C5D5}.Release|x64.Build.0 = Release|Any CPU
		{9CADAF2C-A35E-473A-9C25-98F155F0C5D5}.Release|x86.ActiveCfg = Release|Any CPU
		{9CADAF2C-A35E-473A-9C25-98F155F0C5D5}.Release|x86.Build.0 = Release|Any CPU
		{B8BADB6D-6EF1-409F-8D09-FD0278077462}.Debug|Any CPU.ActiveCfg = Debug|Any CPU
		{B8BADB6D-6EF1-409F-8D09-FD0278077462}.Debug|Any CPU.Build.0 = Debug|Any CPU
		{B8BADB6D-6EF1-409F-8D09-FD0278077462}.Debug|x64.ActiveCfg = Debug|Any CPU
		{B8BADB6D-6EF1-409F-8D09-FD0278077462}.Debug|x64.Build.0 = Debug|Any CPU
		{B8BADB6D-6EF1-409F-8D09-FD0278077462}.Debug|x86.ActiveCfg = Debug|Any CPU
		{B8BADB6D-6EF1-409F-8D09-FD0278077462}.Debug|x86.Build.0 = Debug|Any CPU
		{B8BADB6D-6EF1-409F-8D09-FD0278077462}.Release|Any CPU.ActiveCfg = Release|Any CPU
		{B8BADB6D-6EF1-409F-8D09-FD0278077462}.Release|Any CPU.Build.0 = Release|Any CPU
		{B8BADB6D-6EF1-409F-8D09-FD0278077462}.Release|x64.ActiveCfg = Release|Any CPU
		{B8BADB6D-6EF1-409F-8D09-FD0278077462}.Release|x64.Build.0 = Release|Any CPU
		{B8BADB6D-6EF1-409F-8D09-FD0278077462}.Release|x86.ActiveCfg = Release|Any CPU
		{B8BADB6D-6EF1-409F-8D09-FD0278077462}.Release|x86.Build.0 = Release|Any CPU
		{2AA61BEF-EF27-47AA-A874-9E8A6424AC09}.Debug|Any CPU.ActiveCfg = Debug|Any CPU
		{2AA61BEF-EF27-47AA-A874-9E8A6424AC09}.Debug|Any CPU.Build.0 = Debug|Any CPU
		{2AA61BEF-EF27-47AA-A874-9E8A6424AC09}.Debug|x64.ActiveCfg = Debug|Any CPU
		{2AA61BEF-EF27-47AA-A874-9E8A6424AC09}.Debug|x64.Build.0 = Debug|Any CPU
		{2AA61BEF-EF27-47AA-A874-9E8A6424AC09}.Debug|x86.ActiveCfg = Debug|Any CPU
		{2AA61BEF-EF27-47AA-A874-9E8A6424AC09}.Debug|x86.Build.0 = Debug|Any CPU
		{2AA61BEF-EF27-47AA-A874-9E8A6424AC09}.Release|Any CPU.ActiveCfg = Release|Any CPU
		{2AA61BEF-EF27-47AA-A874-9E8A6424AC09}.Release|Any CPU.Build.0 = Release|Any CPU
		{2AA61BEF-EF27-47AA-A874-9E8A6424AC09}.Release|x64.ActiveCfg = Release|Any CPU
		{2AA61BEF-EF27-47AA-A874-9E8A6424AC09}.Release|x64.Build.0 = Release|Any CPU
		{2AA61BEF-EF27-47AA-A874-9E8A6424AC09}.Release|x86.ActiveCfg = Release|Any CPU
		{2AA61BEF-EF27-47AA-A874-9E8A6424AC09}.Release|x86.Build.0 = Release|Any CPU
		{7541125F-0997-4873-A5C2-6F0247932C89}.Debug|Any CPU.ActiveCfg = Debug|Any CPU
		{7541125F-0997-4873-A5C2-6F0247932C89}.Debug|Any CPU.Build.0 = Debug|Any CPU
		{7541125F-0997-4873-A5C2-6F0247932C89}.Debug|x64.ActiveCfg = Debug|Any CPU
		{7541125F-0997-4873-A5C2-6F0247932C89}.Debug|x64.Build.0 = Debug|Any CPU
		{7541125F-0997-4873-A5C2-6F0247932C89}.Debug|x86.ActiveCfg = Debug|Any CPU
		{7541125F-0997-4873-A5C2-6F0247932C89}.Debug|x86.Build.0 = Debug|Any CPU
		{7541125F-0997-4873-A5C2-6F0247932C89}.Release|Any CPU.ActiveCfg = Release|Any CPU
		{7541125F-0997-4873-A5C2-6F0247932C89}.Release|Any CPU.Build.0 = Release|Any CPU
		{7541125F-0997-4873-A5C2-6F0247932C89}.Release|x64.ActiveCfg = Release|Any CPU
		{7541125F-0997-4873-A5C2-6F0247932C89}.Release|x64.Build.0 = Release|Any CPU
		{7541125F-0997-4873-A5C2-6F0247932C89}.Release|x86.ActiveCfg = Release|Any CPU
		{7541125F-0997-4873-A5C2-6F0247932C89}.Release|x86.Build.0 = Release|Any CPU
		{2257E5E5-5507-4775-91DA-05035A1366C2}.Debug|Any CPU.ActiveCfg = Debug|Any CPU
		{2257E5E5-5507-4775-91DA-05035A1366C2}.Debug|Any CPU.Build.0 = Debug|Any CPU
		{2257E5E5-5507-4775-91DA-05035A1366C2}.Debug|x64.ActiveCfg = Debug|Any CPU
		{2257E5E5-5507-4775-91DA-05035A1366C2}.Debug|x64.Build.0 = Debug|Any CPU
		{2257E5E5-5507-4775-91DA-05035A1366C2}.Debug|x86.ActiveCfg = Debug|Any CPU
		{2257E5E5-5507-4775-91DA-05035A1366C2}.Debug|x86.Build.0 = Debug|Any CPU
		{2257E5E5-5507-4775-91DA-05035A1366C2}.Release|Any CPU.ActiveCfg = Release|Any CPU
		{2257E5E5-5507-4775-91DA-05035A1366C2}.Release|Any CPU.Build.0 = Release|Any CPU
		{2257E5E5-5507-4775-91DA-05035A1366C2}.Release|x64.ActiveCfg = Release|Any CPU
		{2257E5E5-5507-4775-91DA-05035A1366C2}.Release|x64.Build.0 = Release|Any CPU
		{2257E5E5-5507-4775-91DA-05035A1366C2}.Release|x86.ActiveCfg = Release|Any CPU
		{2257E5E5-5507-4775-91DA-05035A1366C2}.Release|x86.Build.0 = Release|Any CPU
	EndGlobalSection
	GlobalSection(SolutionProperties) = preSolution
		HideSolutionNode = FALSE
	EndGlobalSection
	GlobalSection(NestedProjects) = preSolution
		{1A185A58-7C88-4825-A461-B16A1194B98B} = {827E0CD3-B72D-47B6-A68D-7590B98EB39B}
		{9CADAF2C-A35E-473A-9C25-98F155F0C5D5} = {827E0CD3-B72D-47B6-A68D-7590B98EB39B}
		{B8BADB6D-6EF1-409F-8D09-FD0278077462} = {827E0CD3-B72D-47B6-A68D-7590B98EB39B}
		{2AA61BEF-EF27-47AA-A874-9E8A6424AC09} = {827E0CD3-B72D-47B6-A68D-7590B98EB39B}
		{7541125F-0997-4873-A5C2-6F0247932C89} = {827E0CD3-B72D-47B6-A68D-7590B98EB39B}
		{2257E5E5-5507-4775-91DA-05035A1366C2} = {0AB3BF05-4346-4AA6-1389-037BE0695223}
	EndGlobalSection
EndGlobal
